
Microsoft Visual Studio Solution File, Format Version 12.00
# Visual Studio Version 17
VisualStudioVersion = 17.4.33213.308
MinimumVisualStudioVersion = 10.0.40219.1
Project("{F184B08F-C81C-45F6-A57F-5ABD9991F28F}") = "SISTEMA_COLEGIO", "SISTEMA_COLEGIO.vbproj", "{8CC007D1-F72D-4230-8FDC-4619853B286C}"
EndProject
Global
	GlobalSection(SolutionConfigurationPlatforms) = preSolution
		Debug|Any CPU = Debug|Any CPU
		Release|Any CPU = Release|Any CPU
	EndGlobalSection
	GlobalSection(ProjectConfigurationPlatforms) = postSolution
		{8CC007D1-F72D-4230-8FDC-4619853B286C}.Debug|Any CPU.ActiveCfg = Debug|Any CPU
		{8CC007D1-F72D-4230-8FDC-4619853B286C}.Debug|Any CPU.Build.0 = Debug|Any CPU
		{8CC007D1-F72D-4230-8FDC-4619853B286C}.Release|Any CPU.ActiveCfg = Release|Any CPU
		{8CC007D1-F72D-4230-8FDC-4619853B286C}.Release|Any CPU.Build.0 = Release|Any CPU
	EndGlobalSection
	GlobalSection(SolutionProperties) = preSolution
		HideSolutionNode = FALSE
	EndGlobalSection
	GlobalSection(ExtensibilityGlobals) = postSolution
		SolutionGuid = {EA7F9A25-F2B0-45A9-B02D-C747FD69CF64}
	EndGlobalSection
EndGlobal
